
Microsoft Visual Studio Solution File, Format Version 12.00
# Visual Studio Version 17
VisualStudioVersion = 17.8.34525.116
MinimumVisualStudioVersion = 10.0.40219.1
Project("{FAE04EC0-301F-11D3-BF4B-00C04F79EFBC}") = "Lab sheet2(Q5)", "Lab sheet2(Q5)\Lab sheet2(Q5).csproj", "{916B6DC6-025A-4F16-941F-BE958E737798}"
EndProject
Global
	GlobalSection(SolutionConfigurationPlatforms) = preSolution
		Debug|Any CPU = Debug|Any CPU
		Release|Any CPU = Release|Any CPU
	EndGlobalSection
	GlobalSection(ProjectConfigurationPlatforms) = postSolution
		{916B6DC6-025A-4F16-941F-BE958E737798}.Debug|Any CPU.ActiveCfg = Debug|Any CPU
		{916B6DC6-025A-4F16-941F-BE958E737798}.Debug|Any CPU.Build.0 = Debug|Any CPU
		{916B6DC6-025A-4F16-941F-BE958E737798}.Release|Any CPU.ActiveCfg = Release|Any CPU
		{916B6DC6-025A-4F16-941F-BE958E737798}.Release|Any CPU.Build.0 = Release|Any CPU
	EndGlobalSection
	GlobalSection(SolutionProperties) = preSolution
		HideSolutionNode = FALSE
	EndGlobalSection
	GlobalSection(ExtensibilityGlobals) = postSolution
		SolutionGuid = {7C4CB81A-C592-4C89-8417-A8ECFEBE4176}
	EndGlobalSection
EndGlobal
