
Microsoft Visual Studio Solution File, Format Version 12.00
# Visual Studio Version 17
VisualStudioVersion = 17.8.34525.116
MinimumVisualStudioVersion = 10.0.40219.1
Project("{FAE04EC0-301F-11D3-BF4B-00C04F79EFBC}") = "Lab sheet3(Q1)", "Lab sheet3(Q1)\Lab sheet3(Q1).csproj", "{A4EDB964-3C30-49DA-86FE-B5F8626374E8}"
EndProject
Global
	GlobalSection(SolutionConfigurationPlatforms) = preSolution
		Debug|Any CPU = Debug|Any CPU
		Release|Any CPU = Release|Any CPU
	EndGlobalSection
	GlobalSection(ProjectConfigurationPlatforms) = postSolution
		{A4EDB964-3C30-49DA-86FE-B5F8626374E8}.Debug|Any CPU.ActiveCfg = Debug|Any CPU
		{A4EDB964-3C30-49DA-86FE-B5F8626374E8}.Debug|Any CPU.Build.0 = Debug|Any CPU
		{A4EDB964-3C30-49DA-86FE-B5F8626374E8}.Release|Any CPU.ActiveCfg = Release|Any CPU
		{A4EDB964-3C30-49DA-86FE-B5F8626374E8}.Release|Any CPU.Build.0 = Release|Any CPU
	EndGlobalSection
	GlobalSection(SolutionProperties) = preSolution
		HideSolutionNode = FALSE
	EndGlobalSection
	GlobalSection(ExtensibilityGlobals) = postSolution
		SolutionGuid = {6DD59D84-C7E0-412B-99B9-34D18B162FF1}
	EndGlobalSection
EndGlobal
